
Microsoft Visual Studio Solution File, Format Version 12.00
# Visual Studio Version 16
VisualStudioVersion = 16.0.32002.261
MinimumVisualStudioVersion = 10.0.40219.1
Project("{FAE04EC0-301F-11D3-BF4B-00C04F79EFBC}") = "ScreenBin", "ScreenBin\ScreenBin.csproj", "{27756677-7EF9-4B94-AE5A-C5033372F5A3}"
EndProject
Global
	GlobalSection(SolutionConfigurationPlatforms) = preSolution
		Debug|Any CPU = Debug|Any CPU
		Release|Any CPU = Release|Any CPU
	EndGlobalSection
	GlobalSection(ProjectConfigurationPlatforms) = postSolution
		{27756677-7EF9-4B94-AE5A-C5033372F5A3}.Debug|Any CPU.ActiveCfg = Debug|Any CPU
		{27756677-7EF9-4B94-AE5A-C5033372F5A3}.Debug|Any CPU.Build.0 = Debug|Any CPU
		{27756677-7EF9-4B94-AE5A-C5033372F5A3}.Release|Any CPU.ActiveCfg = Release|Any CPU
		{27756677-7EF9-4B94-AE5A-C5033372F5A3}.Release|Any CPU.Build.0 = Release|Any CPU
	EndGlobalSection
	GlobalSection(SolutionProperties) = preSolution
		HideSolutionNode = FALSE
	EndGlobalSection
	GlobalSection(ExtensibilityGlobals) = postSolution
		SolutionGuid = {88DBB50A-004E-4902-AC8C-AE3555583CA9}
	EndGlobalSection
EndGlobal
